
Microsoft Visual Studio Solution File, Format Version 12.00
# Visual Studio 2012
Project("{FAE04EC0-301F-11D3-BF4B-00C04F79EFBC}") = "tri", "tri.csproj", "{9737C616-D6E5-4A90-A1C9-8545B1DA0338}"
EndProject
Project("{FAE04EC0-301F-11D3-BF4B-00C04F79EFBC}") = "UnitTestTri", "..\UnitTestTri\UnitTestTri.csproj", "{39AE6996-F2A9-4D83-BD44-252B4B1F7832}"
EndProject
Global
	GlobalSection(SolutionConfigurationPlatforms) = preSolution
		Debug|Any CPU = Debug|Any CPU
		Release|Any CPU = Release|Any CPU
	EndGlobalSection
	GlobalSection(ProjectConfigurationPlatforms) = postSolution
		{9737C616-D6E5-4A90-A1C9-8545B1DA0338}.Debug|Any CPU.ActiveCfg = Debug|Any CPU
		{9737C616-D6E5-4A90-A1C9-8545B1DA0338}.Debug|Any CPU.Build.0 = Debug|Any CPU
		{9737C616-D6E5-4A90-A1C9-8545B1DA0338}.Release|Any CPU.ActiveCfg = Release|Any CPU
		{9737C616-D6E5-4A90-A1C9-8545B1DA0338}.Release|Any CPU.Build.0 = Release|Any CPU
		{39AE6996-F2A9-4D83-BD44-252B4B1F7832}.Debug|Any CPU.ActiveCfg = Debug|Any CPU
		{39AE6996-F2A9-4D83-BD44-252B4B1F7832}.Debug|Any CPU.Build.0 = Debug|Any CPU
		{39AE6996-F2A9-4D83-BD44-252B4B1F7832}.Release|Any CPU.ActiveCfg = Release|Any CPU
		{39AE6996-F2A9-4D83-BD44-252B4B1F7832}.Release|Any CPU.Build.0 = Release|Any CPU
	EndGlobalSection
	GlobalSection(SolutionProperties) = preSolution
		HideSolutionNode = FALSE
	EndGlobalSection
EndGlobal
